
Microsoft Visual Studio Solution File, Format Version 12.00
# Visual Studio Version 17
VisualStudioVersion = 17.11.35222.181
MinimumVisualStudioVersion = 10.0.40219.1
Project("{FAE04EC0-301F-11D3-BF4B-00C04F79EFBC}") = "cw2", "cw2\cw2.csproj", "{0EF256B8-A272-4982-B392-D95905F77346}"
EndProject
Global
	GlobalSection(SolutionConfigurationPlatforms) = preSolution
		Debug|Any CPU = Debug|Any CPU
		Release|Any CPU = Release|Any CPU
	EndGlobalSection
	GlobalSection(ProjectConfigurationPlatforms) = postSolution
		{0EF256B8-A272-4982-B392-D95905F77346}.Debug|Any CPU.ActiveCfg = Debug|Any CPU
		{0EF256B8-A272-4982-B392-D95905F77346}.Debug|Any CPU.Build.0 = Debug|Any CPU
		{0EF256B8-A272-4982-B392-D95905F77346}.Release|Any CPU.ActiveCfg = Release|Any CPU
		{0EF256B8-A272-4982-B392-D95905F77346}.Release|Any CPU.Build.0 = Release|Any CPU
	EndGlobalSection
	GlobalSection(SolutionProperties) = preSolution
		HideSolutionNode = FALSE
	EndGlobalSection
	GlobalSection(ExtensibilityGlobals) = postSolution
		SolutionGuid = {C5F8005B-2592-4302-8746-AE8FF0F7722D}
	EndGlobalSection
EndGlobal
